
Microsoft Visual Studio Solution File, Format Version 12.00
# Visual Studio Version 17
VisualStudioVersion = 17.11.35222.181
MinimumVisualStudioVersion = 10.0.40219.1
Project("{FAE04EC0-301F-11D3-BF4B-00C04F79EFBC}") = "MyPortfolio", "MyPortfolio\MyPortfolio.csproj", "{5125F282-7AD2-4DE8-830C-C71CE4E3DB7B}"
EndProject
Global
	GlobalSection(SolutionConfigurationPlatforms) = preSolution
		Debug|Any CPU = Debug|Any CPU
		Release|Any CPU = Release|Any CPU
	EndGlobalSection
	GlobalSection(ProjectConfigurationPlatforms) = postSolution
		{5125F282-7AD2-4DE8-830C-C71CE4E3DB7B}.Debug|Any CPU.ActiveCfg = Debug|Any CPU
		{5125F282-7AD2-4DE8-830C-C71CE4E3DB7B}.Debug|Any CPU.Build.0 = Debug|Any CPU
		{5125F282-7AD2-4DE8-830C-C71CE4E3DB7B}.Release|Any CPU.ActiveCfg = Release|Any CPU
		{5125F282-7AD2-4DE8-830C-C71CE4E3DB7B}.Release|Any CPU.Build.0 = Release|Any CPU
	EndGlobalSection
	GlobalSection(SolutionProperties) = preSolution
		HideSolutionNode = FALSE
	EndGlobalSection
	GlobalSection(ExtensibilityGlobals) = postSolution
		SolutionGuid = {595C91CB-F5B2-43A9-BE70-03D1AB5DA830}
	EndGlobalSection
EndGlobal
